{
  "nodes": {
    "flake-utils": {
      "locked": {
        "lastModified": 1676283394,
        "narHash": "sha256-XX2f9c3iySLCw54rJ/CZs+ZK6IQy7GXNY4nSOyu2QG4=",
        "owner": "numtide",
        "repo": "flake-utils",
        "rev": "3db36a8b464d0c4532ba1c7dda728f4576d6d073",
        "type": "github"
      },
      "original": {
        "id": "flake-utils",
        "type": "indirect"
      }
    },
    "koturNixPkgs": {
      "flake": false,
      "locked": {
        "lastModified": 1677275406,
        "narHash": "sha256-OrT4HZ38AlU6eK12C8weU6cp3EccFMIt5mN0ctiS4hU=",
        "owner": "nkoturovic",
        "repo": "kotur-nixpkgs",
        "rev": "16f272f3e4691aef1fc9d5fdd6230627e4cc5987",
        "type": "github"
      },
      "original": {
        "owner": "nkoturovic",
        "ref": "v0.2",
        "repo": "kotur-nixpkgs",
        "type": "github"
      }
    },
    "miniCompileCommands": {
      "flake": false,
      "locked": {
        "lastModified": 1671387409,
        "narHash": "sha256-fxtsI6EupEHdUYEtfrItKYQhNanFtyV7cHCrz+/QP44=",
        "owner": "danielbarter",
        "repo": "mini_compile_commands",
        "rev": "22c7753d9bd60932c1acfca6415c90bdb43dad2f",
        "type": "github"
      },
      "original": {
        "owner": "danielbarter",
        "ref": "v0.4",
        "repo": "mini_compile_commands",
        "type": "github"
      }
    },
    "nixpkgs": {
      "locked": {
        "lastModified": 1677179781,
        "narHash": "sha256-+peLp16ruWLuTFHo0ZUbLlS1/meS/+RsWQQ9bUAzOh8=",
        "owner": "NixOS",
        "repo": "nixpkgs",
        "rev": "50c23cd4ff6c8344e0b4d438b027b3afabfe58dd",
        "type": "github"
      },
      "original": {
        "owner": "NixOS",
        "ref": "nixos-22.11",
        "repo": "nixpkgs",
        "type": "github"
      }
    },
    "root": {
      "inputs": {
        "flake-utils": "flake-utils",
        "koturNixPkgs": "koturNixPkgs",
        "miniCompileCommands": "miniCompileCommands",
        "nixpkgs": "nixpkgs"
      }
    }
  },
  "root": "root",
  "version": 7
}
