{
  "nodes": {
    "flake-utils": {
      "inputs": {
        "systems": "systems"
      },
      "locked": {
        "lastModified": 1731533236,
        "narHash": "sha256-l0KFg5HjrsfsO/JpG+r7fRrqm12kzFHyUHqHCVpMMbI=",
        "owner": "numtide",
        "repo": "flake-utils",
        "rev": "11707dc2f618dd54ca8739b309ec4fc024de578b",
        "type": "github"
      },
      "original": {
        "id": "flake-utils",
        "type": "indirect"
      }
    },
    "koturNixPkgs": {
      "flake": false,
      "locked": {
        "lastModified": 1748031265,
        "narHash": "sha256-rjDzbK5g120SAhBqUNtxWqLkRoTbZQsHia5wY4KMFLY=",
        "owner": "nkoturovic",
        "repo": "kotur-nixpkgs",
        "rev": "666afb6944c8abe5d658544fdc79963e2a9b6dac",
        "type": "github"
      },
      "original": {
        "owner": "nkoturovic",
        "ref": "v0.8.0",
        "repo": "kotur-nixpkgs",
        "type": "github"
      }
    },
    "miniCompileCommands": {
      "flake": false,
      "locked": {
        "lastModified": 1689962671,
        "narHash": "sha256-qPyV3iU8rXhIlHEELAtu2UwXtdZgsWMK9dHySlVa8Jo=",
        "owner": "danielbarter",
        "repo": "mini_compile_commands",
        "rev": "073ad72d27287f3e8073c3ef0c9069223fb2048c",
        "type": "github"
      },
      "original": {
        "owner": "danielbarter",
        "ref": "v0.6",
        "repo": "mini_compile_commands",
        "type": "github"
      }
    },
    "nixpkgs": {
      "locked": {
        "lastModified": 1747958103,
        "narHash": "sha256-qmmFCrfBwSHoWw7cVK4Aj+fns+c54EBP8cGqp/yK410=",
        "owner": "NixOS",
        "repo": "nixpkgs",
        "rev": "fe51d34885f7b5e3e7b59572796e1bcb427eccb1",
        "type": "github"
      },
      "original": {
        "owner": "NixOS",
        "ref": "nixpkgs-unstable",
        "repo": "nixpkgs",
        "type": "github"
      }
    },
    "root": {
      "inputs": {
        "flake-utils": "flake-utils",
        "koturNixPkgs": "koturNixPkgs",
        "miniCompileCommands": "miniCompileCommands",
        "nixpkgs": "nixpkgs"
      }
    },
    "systems": {
      "locked": {
        "lastModified": 1681028828,
        "narHash": "sha256-Vy1rq5AaRuLzOxct8nz4T6wlgyUR7zLU309k9mBC768=",
        "owner": "nix-systems",
        "repo": "default",
        "rev": "da67096a3b9bf56a91d16901293e51ba5b49a27e",
        "type": "github"
      },
      "original": {
        "owner": "nix-systems",
        "repo": "default",
        "type": "github"
      }
    }
  },
  "root": "root",
  "version": 7
}
