{
  "nodes": {
    "flake-utils": {
      "inputs": {
        "systems": "systems"
      },
      "locked": {
        "lastModified": 1694529238,
        "narHash": "sha256-zsNZZGTGnMOf9YpHKJqMSsa0dXbfmxeoJ7xHlrt+xmY=",
        "owner": "numtide",
        "repo": "flake-utils",
        "rev": "ff7b65b44d01cf9ba6a71320833626af21126384",
        "type": "github"
      },
      "original": {
        "id": "flake-utils",
        "type": "indirect"
      }
    },
    "koturNixPkgs": {
      "flake": false,
      "locked": {
        "lastModified": 1694342316,
        "narHash": "sha256-g+hFCXBncpciZL4UZXv2YKY2Sl+Mn9/mYxKBGtei4ak=",
        "owner": "nkoturovic",
        "repo": "kotur-nixpkgs",
        "rev": "086926b6d49901d2eb5a8ae1e9ef346707e88717",
        "type": "github"
      },
      "original": {
        "owner": "nkoturovic",
        "ref": "v0.5",
        "repo": "kotur-nixpkgs",
        "type": "github"
      }
    },
    "miniCompileCommands": {
      "flake": false,
      "locked": {
        "lastModified": 1671387409,
        "narHash": "sha256-fxtsI6EupEHdUYEtfrItKYQhNanFtyV7cHCrz+/QP44=",
        "owner": "danielbarter",
        "repo": "mini_compile_commands",
        "rev": "22c7753d9bd60932c1acfca6415c90bdb43dad2f",
        "type": "github"
      },
      "original": {
        "owner": "danielbarter",
        "ref": "v0.4",
        "repo": "mini_compile_commands",
        "type": "github"
      }
    },
    "nixpkgs": {
      "locked": {
        "lastModified": 1700538105,
        "narHash": "sha256-uZhOCmwv8VupEmPZm3erbr9XXmyg7K67Ul3+Rx2XMe0=",
        "owner": "NixOS",
        "repo": "nixpkgs",
        "rev": "51a01a7e5515b469886c120e38db325c96694c2f",
        "type": "github"
      },
      "original": {
        "owner": "NixOS",
        "ref": "nixpkgs-unstable",
        "repo": "nixpkgs",
        "type": "github"
      }
    },
    "root": {
      "inputs": {
        "flake-utils": "flake-utils",
        "koturNixPkgs": "koturNixPkgs",
        "miniCompileCommands": "miniCompileCommands",
        "nixpkgs": "nixpkgs"
      }
    },
    "systems": {
      "locked": {
        "lastModified": 1681028828,
        "narHash": "sha256-Vy1rq5AaRuLzOxct8nz4T6wlgyUR7zLU309k9mBC768=",
        "owner": "nix-systems",
        "repo": "default",
        "rev": "da67096a3b9bf56a91d16901293e51ba5b49a27e",
        "type": "github"
      },
      "original": {
        "owner": "nix-systems",
        "repo": "default",
        "type": "github"
      }
    }
  },
  "root": "root",
  "version": 7
}
